
Microsoft Visual Studio Solution File, Format Version 12.00
# Visual Studio Version 17
VisualStudioVersion = 17.7.34024.191
MinimumVisualStudioVersion = 10.0.40219.1
Project("{FAE04EC0-301F-11D3-BF4B-00C04F79EFBC}") = "WeatherApp.Api", "WeatherAppFunctionalTestsDemo\WeatherApp.Api.csproj", "{988C1B32-97E6-4B3F-849E-C0F75C510878}"
EndProject
Project("{FAE04EC0-301F-11D3-BF4B-00C04F79EFBC}") = "WeatherApp.FunctionalTests", "WeatherAppFunctionalTestsDemo.Tests\WeatherApp.FunctionalTests.csproj", "{A5BAEB76-976C-48EC-B772-A32CD6566A43}"
EndProject
Global
	GlobalSection(SolutionConfigurationPlatforms) = preSolution
		Debug|Any CPU = Debug|Any CPU
		Release|Any CPU = Release|Any CPU
	EndGlobalSection
	GlobalSection(ProjectConfigurationPlatforms) = postSolution
		{988C1B32-97E6-4B3F-849E-C0F75C510878}.Debug|Any CPU.ActiveCfg = Debug|Any CPU
		{988C1B32-97E6-4B3F-849E-C0F75C510878}.Debug|Any CPU.Build.0 = Debug|Any CPU
		{988C1B32-97E6-4B3F-849E-C0F75C510878}.Release|Any CPU.ActiveCfg = Release|Any CPU
		{988C1B32-97E6-4B3F-849E-C0F75C510878}.Release|Any CPU.Build.0 = Release|Any CPU
		{A5BAEB76-976C-48EC-B772-A32CD6566A43}.Debug|Any CPU.ActiveCfg = Debug|Any CPU
		{A5BAEB76-976C-48EC-B772-A32CD6566A43}.Debug|Any CPU.Build.0 = Debug|Any CPU
		{A5BAEB76-976C-48EC-B772-A32CD6566A43}.Release|Any CPU.ActiveCfg = Release|Any CPU
		{A5BAEB76-976C-48EC-B772-A32CD6566A43}.Release|Any CPU.Build.0 = Release|Any CPU
	EndGlobalSection
	GlobalSection(SolutionProperties) = preSolution
		HideSolutionNode = FALSE
	EndGlobalSection
	GlobalSection(ExtensibilityGlobals) = postSolution
		SolutionGuid = {AF296242-625D-4B60-92EE-681BC733FF14}
	EndGlobalSection
EndGlobal
